
Microsoft Visual Studio Solution File, Format Version 12.00
# Visual Studio Version 16
VisualStudioVersion = 16.0.33529.622
MinimumVisualStudioVersion = 10.0.40219.1
Project("{FAE04EC0-301F-11D3-BF4B-00C04F79EFBC}") = "SalesWebMvc", "SalesWebMvc\SalesWebMvc.csproj", "{A58C6A76-39C4-4CD7-8023-1DAD4F483426}"
EndProject
Global
	GlobalSection(SolutionConfigurationPlatforms) = preSolution
		Debug|Any CPU = Debug|Any CPU
		Release|Any CPU = Release|Any CPU
	EndGlobalSection
	GlobalSection(ProjectConfigurationPlatforms) = postSolution
		{A58C6A76-39C4-4CD7-8023-1DAD4F483426}.Debug|Any CPU.ActiveCfg = Debug|Any CPU
		{A58C6A76-39C4-4CD7-8023-1DAD4F483426}.Debug|Any CPU.Build.0 = Debug|Any CPU
		{A58C6A76-39C4-4CD7-8023-1DAD4F483426}.Release|Any CPU.ActiveCfg = Release|Any CPU
		{A58C6A76-39C4-4CD7-8023-1DAD4F483426}.Release|Any CPU.Build.0 = Release|Any CPU
	EndGlobalSection
	GlobalSection(SolutionProperties) = preSolution
		HideSolutionNode = FALSE
	EndGlobalSection
	GlobalSection(ExtensibilityGlobals) = postSolution
		SolutionGuid = {A8D609EE-F525-4E8B-A15D-3D271E98870B}
	EndGlobalSection
EndGlobal
